
Microsoft Visual Studio Solution File, Format Version 12.00
# Visual Studio Version 16
VisualStudioVersion = 16.0.29201.188
MinimumVisualStudioVersion = 10.0.40219.1
Project("{FAE04EC0-301F-11D3-BF4B-00C04F79EFBC}") = "ObserveIt", "ObserveIt.csproj", "{2CC26A49-7ACE-4B87-8541-E7686E7F21FF}"
EndProject
Global
	GlobalSection(SolutionConfigurationPlatforms) = preSolution
		Debug|Any CPU = Debug|Any CPU
		Release|Any CPU = Release|Any CPU
	EndGlobalSection
	GlobalSection(ProjectConfigurationPlatforms) = postSolution
		{2CC26A49-7ACE-4B87-8541-E7686E7F21FF}.Debug|Any CPU.ActiveCfg = Debug|Any CPU
		{2CC26A49-7ACE-4B87-8541-E7686E7F21FF}.Debug|Any CPU.Build.0 = Debug|Any CPU
		{2CC26A49-7ACE-4B87-8541-E7686E7F21FF}.Release|Any CPU.ActiveCfg = Release|Any CPU
		{2CC26A49-7ACE-4B87-8541-E7686E7F21FF}.Release|Any CPU.Build.0 = Release|Any CPU
	EndGlobalSection
	GlobalSection(SolutionProperties) = preSolution
		HideSolutionNode = FALSE
	EndGlobalSection
	GlobalSection(ExtensibilityGlobals) = postSolution
		SolutionGuid = {AE65B1DA-7F10-43A0-9A28-42F6B923ED49}
	EndGlobalSection
EndGlobal
